
Microsoft Visual Studio Solution File, Format Version 12.00
# Visual Studio Version 17
VisualStudioVersion = 17.10.35013.160
MinimumVisualStudioVersion = 10.0.40219.1
Project("{FAE04EC0-301F-11D3-BF4B-00C04F79EFBC}") = "SwaggerBoost", "src\SwaggerBoost\SwaggerBoost.csproj", "{DD3A41D5-C7E2-4B4B-A9F2-5656DF4EB6F1}"
EndProject
Global
	GlobalSection(SolutionConfigurationPlatforms) = preSolution
		Debug|Any CPU = Debug|Any CPU
		Release|Any CPU = Release|Any CPU
	EndGlobalSection
	GlobalSection(ProjectConfigurationPlatforms) = postSolution
		{DD3A41D5-C7E2-4B4B-A9F2-5656DF4EB6F1}.Debug|Any CPU.ActiveCfg = Debug|Any CPU
		{DD3A41D5-C7E2-4B4B-A9F2-5656DF4EB6F1}.Debug|Any CPU.Build.0 = Debug|Any CPU
		{DD3A41D5-C7E2-4B4B-A9F2-5656DF4EB6F1}.Release|Any CPU.ActiveCfg = Release|Any CPU
		{DD3A41D5-C7E2-4B4B-A9F2-5656DF4EB6F1}.Release|Any CPU.Build.0 = Release|Any CPU
	EndGlobalSection
	GlobalSection(SolutionProperties) = preSolution
		HideSolutionNode = FALSE
	EndGlobalSection
	GlobalSection(ExtensibilityGlobals) = postSolution
		SolutionGuid = {3C5DBE52-2455-4E21-A346-2ED20A166A87}
	EndGlobalSection
EndGlobal
